
Microsoft Visual Studio Solution File, Format Version 12.00
# Visual Studio 15
VisualStudioVersion = 15.0.27004.2010
MinimumVisualStudioVersion = 10.0.40219.1
Project("{FAE04EC0-301F-11D3-BF4B-00C04F79EFBC}") = "SILT", "SILT\SILT.csproj", "{9FA1AFF2-9EE4-4933-A9F5-FFD3C424846E}"
EndProject
Global
	GlobalSection(SolutionConfigurationPlatforms) = preSolution
		Debug|Any CPU = Debug|Any CPU
		Release|Any CPU = Release|Any CPU
	EndGlobalSection
	GlobalSection(ProjectConfigurationPlatforms) = postSolution
		{9FA1AFF2-9EE4-4933-A9F5-FFD3C424846E}.Debug|Any CPU.ActiveCfg = Debug|Any CPU
		{9FA1AFF2-9EE4-4933-A9F5-FFD3C424846E}.Debug|Any CPU.Build.0 = Debug|Any CPU
		{9FA1AFF2-9EE4-4933-A9F5-FFD3C424846E}.Release|Any CPU.ActiveCfg = Release|Any CPU
		{9FA1AFF2-9EE4-4933-A9F5-FFD3C424846E}.Release|Any CPU.Build.0 = Release|Any CPU
	EndGlobalSection
	GlobalSection(SolutionProperties) = preSolution
		HideSolutionNode = FALSE
	EndGlobalSection
	GlobalSection(ExtensibilityGlobals) = postSolution
		SolutionGuid = {BED2293D-E9F1-4509-89A5-D2E59B40EE7A}
	EndGlobalSection
EndGlobal
